// !$*UTF8*$!
{
	archiveVersion = 1;
	classes = {
	};
	objectVersion = 46;
	objects = {

/* Begin PBXBuildFile section */
		D41DC6671DA4895A00ABB0EB /* ArticleTableView.swift in Sources */ = {isa = PBXBuildFile; fileRef = D41DC6661DA4895A00ABB0EB /* ArticleTableView.swift */; };
		D41DC6691DA4897800ABB0EB /* ArticleTableViewCell.swift in Sources */ = {isa = PBXBuildFile; fileRef = D41DC6681DA4897800ABB0EB /* ArticleTableViewCell.swift */; };
		D41DC66C1DA48C0A00ABB0EB /* Article.swift in Sources */ = {isa = PBXBuildFile; fileRef = D41DC66B1DA48C0A00ABB0EB /* Article.swift */; };
		D41FB7391D9F765000B64393 /* AppDelegate.swift in Sources */ = {isa = PBXBuildFile; fileRef = D41FB7381D9F765000B64393 /* AppDelegate.swift */; };
		D41FB73B1D9F765000B64393 /* ViewController.swift in Sources */ = {isa = PBXBuildFile; fileRef = D41FB73A1D9F765000B64393 /* ViewController.swift */; };
		D41FB73E1D9F765000B64393 /* Main.storyboard in Resources */ = {isa = PBXBuildFile; fileRef = D41FB73C1D9F765000B64393 /* Main.storyboard */; };
		D41FB7401D9F765000B64393 /* Assets.xcassets in Resources */ = {isa = PBXBuildFile; fileRef = D41FB73F1D9F765000B64393 /* Assets.xcassets */; };
		D41FB7431D9F765000B64393 /* LaunchScreen.storyboard in Resources */ = {isa = PBXBuildFile; fileRef = D41FB7411D9F765000B64393 /* LaunchScreen.storyboard */; };
		D41FB74B1D9F818100B64393 /* API.swift in Sources */ = {isa = PBXBuildFile; fileRef = D41FB74A1D9F818100B64393 /* API.swift */; };
		D41FB7911DA47FEB00B64393 /* NewsCatagoryTableViewController.swift in Sources */ = {isa = PBXBuildFile; fileRef = D41FB7901DA47FEB00B64393 /* NewsCatagoryTableViewController.swift */; };
		D41FB7931DA4812200B64393 /* NewsCatagoryCell.swift in Sources */ = {isa = PBXBuildFile; fileRef = D41FB7921DA4812200B64393 /* NewsCatagoryCell.swift */; };
		D45576B41DAC58310040E8B8 /* WebViewController.swift in Sources */ = {isa = PBXBuildFile; fileRef = D45576B31DAC58310040E8B8 /* WebViewController.swift */; };
/* End PBXBuildFile section */

/* Begin PBXFileReference section */
		D41DC6661DA4895A00ABB0EB /* ArticleTableView.swift */ = {isa = PBXFileReference; fileEncoding = 4; lastKnownFileType = sourcecode.swift; path = ArticleTableView.swift; sourceTree = "<group>"; };
		D41DC6681DA4897800ABB0EB /* ArticleTableViewCell.swift */ = {isa = PBXFileReference; fileEncoding = 4; lastKnownFileType = sourcecode.swift; path = ArticleTableViewCell.swift; sourceTree = "<group>"; };
		D41DC66B1DA48C0A00ABB0EB /* Article.swift */ = {isa = PBXFileReference; fileEncoding = 4; lastKnownFileType = sourcecode.swift; path = Article.swift; sourceTree = "<group>"; };
		D41FB7351D9F765000B64393 /* Sports News.app */ = {isa = PBXFileReference; explicitFileType = wrapper.application; includeInIndex = 0; path = "Sports News.app"; sourceTree = BUILT_PRODUCTS_DIR; };
		D41FB7381D9F765000B64393 /* AppDelegate.swift */ = {isa = PBXFileReference; lastKnownFileType = sourcecode.swift; path = AppDelegate.swift; sourceTree = "<group>"; };
		D41FB73A1D9F765000B64393 /* ViewController.swift */ = {isa = PBXFileReference; lastKnownFileType = sourcecode.swift; path = ViewController.swift; sourceTree = "<group>"; };
		D41FB73D1D9F765000B64393 /* Base */ = {isa = PBXFileReference; lastKnownFileType = file.storyboard; name = Base; path = Base.lproj/Main.storyboard; sourceTree = "<group>"; };
		D41FB73F1D9F765000B64393 /* Assets.xcassets */ = {isa = PBXFileReference; lastKnownFileType = folder.assetcatalog; path = Assets.xcassets; sourceTree = "<group>"; };
		D41FB7421D9F765000B64393 /* Base */ = {isa = PBXFileReference; lastKnownFileType = file.storyboard; name = Base; path = Base.lproj/LaunchScreen.storyboard; sourceTree = "<group>"; };
		D41FB7441D9F765000B64393 /* Info.plist */ = {isa = PBXFileReference; lastKnownFileType = text.plist.xml; path = Info.plist; sourceTree = "<group>"; };
		D41FB74A1D9F818100B64393 /* API.swift */ = {isa = PBXFileReference; fileEncoding = 4; lastKnownFileType = sourcecode.swift; path = API.swift; sourceTree = "<group>"; };
		D41FB7901DA47FEB00B64393 /* NewsCatagoryTableViewController.swift */ = {isa = PBXFileReference; fileEncoding = 4; lastKnownFileType = sourcecode.swift; path = NewsCatagoryTableViewController.swift; sourceTree = "<group>"; };
		D41FB7921DA4812200B64393 /* NewsCatagoryCell.swift */ = {isa = PBXFileReference; fileEncoding = 4; lastKnownFileType = sourcecode.swift; path = NewsCatagoryCell.swift; sourceTree = "<group>"; };
		D45576B31DAC58310040E8B8 /* WebViewController.swift */ = {isa = PBXFileReference; fileEncoding = 4; lastKnownFileType = sourcecode.swift; path = WebViewController.swift; sourceTree = "<group>"; };
/* End PBXFileReference section */

/* Begin PBXFrameworksBuildPhase section */
		D41FB7321D9F765000B64393 /* Frameworks */ = {
			isa = PBXFrameworksBuildPhase;
			buildActionMask = 2147483647;
			files = (
			);
			runOnlyForDeploymentPostprocessing = 0;
		};
/* End PBXFrameworksBuildPhase section */

/* Begin PBXGroup section */
		D41DC6651DA488BB00ABB0EB /* News Catagory */ = {
			isa = PBXGroup;
			children = (
				D41FB7901DA47FEB00B64393 /* NewsCatagoryTableViewController.swift */,
				D41FB7921DA4812200B64393 /* NewsCatagoryCell.swift */,
			);
			name = "News Catagory";
			sourceTree = "<group>";
		};
		D41DC66A1DA4898A00ABB0EB /* Articles page / 2nd page */ = {
			isa = PBXGroup;
			children = (
				D41DC6661DA4895A00ABB0EB /* ArticleTableView.swift */,
				D41DC66B1DA48C0A00ABB0EB /* Article.swift */,
				D41DC6681DA4897800ABB0EB /* ArticleTableViewCell.swift */,
			);
			name = "Articles page / 2nd page";
			sourceTree = "<group>";
		};
		D41FB72C1D9F765000B64393 = {
			isa = PBXGroup;
			children = (
				D41FB7371D9F765000B64393 /* Sports News */,
				D41FB7361D9F765000B64393 /* Products */,
			);
			sourceTree = "<group>";
		};
		D41FB7361D9F765000B64393 /* Products */ = {
			isa = PBXGroup;
			children = (
				D41FB7351D9F765000B64393 /* Sports News.app */,
			);
			name = Products;
			sourceTree = "<group>";
		};
		D41FB7371D9F765000B64393 /* Sports News */ = {
			isa = PBXGroup;
			children = (
				D41FB7381D9F765000B64393 /* AppDelegate.swift */,
				D41FB73A1D9F765000B64393 /* ViewController.swift */,
				D41FB74A1D9F818100B64393 /* API.swift */,
				D45576B31DAC58310040E8B8 /* WebViewController.swift */,
				D41FB73C1D9F765000B64393 /* Main.storyboard */,
				D41DC66A1DA4898A00ABB0EB /* Articles page / 2nd page */,
				D41DC6651DA488BB00ABB0EB /* News Catagory */,
				D41FB73F1D9F765000B64393 /* Assets.xcassets */,
				D41FB7411D9F765000B64393 /* LaunchScreen.storyboard */,
				D41FB7441D9F765000B64393 /* Info.plist */,
			);
			path = "Sports News";
			sourceTree = "<group>";
		};
/* End PBXGroup section */

/* Begin PBXNativeTarget section */
		D41FB7341D9F765000B64393 /* Sports News */ = {
			isa = PBXNativeTarget;
			buildConfigurationList = D41FB7471D9F765000B64393 /* Build configuration list for PBXNativeTarget "Sports News" */;
			buildPhases = (
				D41FB7311D9F765000B64393 /* Sources */,
				D41FB7321D9F765000B64393 /* Frameworks */,
				D41FB7331D9F765000B64393 /* Resources */,
			);
			buildRules = (
			);
			dependencies = (
			);
			name = "Sports News";
			productName = "Sports News";
			productReference = D41FB7351D9F765000B64393 /* Sports News.app */;
			productType = "com.apple.product-type.application";
		};
/* End PBXNativeTarget section */

/* Begin PBXProject section */
		D41FB72D1D9F765000B64393 /* Project object */ = {
			isa = PBXProject;
			attributes = {
				LastSwiftUpdateCheck = 0800;
				LastUpgradeCheck = 0800;
				ORGANIZATIONNAME = "Carlin Soorenian";
				TargetAttributes = {
					D41FB7341D9F765000B64393 = {
						CreatedOnToolsVersion = 8.0;
						DevelopmentTeam = 85BT6CKDJV;
						ProvisioningStyle = Automatic;
					};
				};
			};
			buildConfigurationList = D41FB7301D9F765000B64393 /* Build configuration list for PBXProject "News" */;
			compatibilityVersion = "Xcode 3.2";
			developmentRegion = English;
			hasScannedForEncodings = 0;
			knownRegions = (
				en,
				Base,
			);
			mainGroup = D41FB72C1D9F765000B64393;
			productRefGroup = D41FB7361D9F765000B64393 /* Products */;
			projectDirPath = "";
			projectRoot = "";
			targets = (
				D41FB7341D9F765000B64393 /* Sports News */,
			);
		};
/* End PBXProject section */

/* Begin PBXResourcesBuildPhase section */
		D41FB7331D9F765000B64393 /* Resources */ = {
			isa = PBXResourcesBuildPhase;
			buildActionMask = 2147483647;
			files = (
				D41FB7431D9F765000B64393 /* LaunchScreen.storyboard in Resources */,
				D41FB7401D9F765000B64393 /* Assets.xcassets in Resources */,
				D41FB73E1D9F765000B64393 /* Main.storyboard in Resources */,
			);
			runOnlyForDeploymentPostprocessing = 0;
		};
/* End PBXResourcesBuildPhase section */

/* Begin PBXSourcesBuildPhase section */
		D41FB7311D9F765000B64393 /* Sources */ = {
			isa = PBXSourcesBuildPhase;
			buildActionMask = 2147483647;
			files = (
				D41FB7911DA47FEB00B64393 /* NewsCatagoryTableViewController.swift in Sources */,
				D45576B41DAC58310040E8B8 /* WebViewController.swift in Sources */,
				D41FB73B1D9F765000B64393 /* ViewController.swift in Sources */,
				D41FB7931DA4812200B64393 /* NewsCatagoryCell.swift in Sources */,
				D41FB74B1D9F818100B64393 /* API.swift in Sources */,
				D41DC66C1DA48C0A00ABB0EB /* Article.swift in Sources */,
				D41DC6671DA4895A00ABB0EB /* ArticleTableView.swift in Sources */,
				D41DC6691DA4897800ABB0EB /* ArticleTableViewCell.swift in Sources */,
				D41FB7391D9F765000B64393 /* AppDelegate.swift in Sources */,
			);
			runOnlyForDeploymentPostprocessing = 0;
		};
/* End PBXSourcesBuildPhase section */

/* Begin PBXVariantGroup section */
		D41FB73C1D9F765000B64393 /* Main.storyboard */ = {
			isa = PBXVariantGroup;
			children = (
				D41FB73D1D9F765000B64393 /* Base */,
			);
			name = Main.storyboard;
			sourceTree = "<group>";
		};
		D41FB7411D9F765000B64393 /* LaunchScreen.storyboard */ = {
			isa = PBXVariantGroup;
			children = (
				D41FB7421D9F765000B64393 /* Base */,
			);
			name = LaunchScreen.storyboard;
			sourceTree = "<group>";
		};
/* End PBXVariantGroup section */

/* Begin XCBuildConfiguration section */
		D41FB7451D9F765000B64393 /* Debug */ = {
			isa = XCBuildConfiguration;
			buildSettings = {
				ALWAYS_SEARCH_USER_PATHS = NO;
				CLANG_ANALYZER_NONNULL = YES;
				CLANG_CXX_LANGUAGE_STANDARD = "gnu++0x";
				CLANG_CXX_LIBRARY = "libc++";
				CLANG_ENABLE_MODULES = YES;
				CLANG_ENABLE_OBJC_ARC = YES;
				CLANG_WARN_BOOL_CONVERSION = YES;
				CLANG_WARN_CONSTANT_CONVERSION = YES;
				CLANG_WARN_DIRECT_OBJC_ISA_USAGE = YES_ERROR;
				CLANG_WARN_DOCUMENTATION_COMMENTS = YES;
				CLANG_WARN_EMPTY_BODY = YES;
				CLANG_WARN_ENUM_CONVERSION = YES;
				CLANG_WARN_INFINITE_RECURSION = YES;
				CLANG_WARN_INT_CONVERSION = YES;
				CLANG_WARN_OBJC_ROOT_CLASS = YES_ERROR;
				CLANG_WARN_SUSPICIOUS_MOVES = YES;
				CLANG_WARN_UNREACHABLE_CODE = YES;
				CLANG_WARN__DUPLICATE_METHOD_MATCH = YES;
				"CODE_SIGN_IDENTITY[sdk=iphoneos*]" = "iPhone Developer";
				COPY_PHASE_STRIP = NO;
				DEBUG_INFORMATION_FORMAT = dwarf;
				ENABLE_STRICT_OBJC_MSGSEND = YES;
				ENABLE_TESTABILITY = YES;
				GCC_C_LANGUAGE_STANDARD = gnu99;
				GCC_DYNAMIC_NO_PIC = NO;
				GCC_NO_COMMON_BLOCKS = YES;
				GCC_OPTIMIZATION_LEVEL = 0;
				GCC_PREPROCESSOR_DEFINITIONS = (
					"DEBUG=1",
					"$(inherited)",
				);
				GCC_WARN_64_TO_32_BIT_CONVERSION = YES;
				GCC_WARN_ABOUT_RETURN_TYPE = YES_ERROR;
				GCC_WARN_UNDECLARED_SELECTOR = YES;
				GCC_WARN_UNINITIALIZED_AUTOS = YES_AGGRESSIVE;
				GCC_WARN_UNUSED_FUNCTION = YES;
				GCC_WARN_UNUSED_VARIABLE = YES;
				IPHONEOS_DEPLOYMENT_TARGET = 10.0;
				MTL_ENABLE_DEBUG_INFO = YES;
				ONLY_ACTIVE_ARCH = YES;
				SDKROOT = iphoneos;
				SWIFT_ACTIVE_COMPILATION_CONDITIONS = DEBUG;
				SWIFT_OPTIMIZATION_LEVEL = "-Onone";
			};
			name = Debug;
		};
		D41FB7461D9F765000B64393 /* Release */ = {
			isa = XCBuildConfiguration;
			buildSettings = {
				ALWAYS_SEARCH_USER_PATHS = NO;
				CLANG_ANALYZER_NONNULL = YES;
				CLANG_CXX_LANGUAGE_STANDARD = "gnu++0x";
				CLANG_CXX_LIBRARY = "libc++";
				CLANG_ENABLE_MODULES = YES;
				CLANG_ENABLE_OBJC_ARC = YES;
				CLANG_WARN_BOOL_CONVERSION = YES;
				CLANG_WARN_CONSTANT_CONVERSION = YES;
				CLANG_WARN_DIRECT_OBJC_ISA_USAGE = YES_ERROR;
				CLANG_WARN_DOCUMENTATION_COMMENTS = YES;
				CLANG_WARN_EMPTY_BODY = YES;
				CLANG_WARN_ENUM_CONVERSION = YES;
				CLANG_WARN_INFINITE_RECURSION = YES;
				CLANG_WARN_INT_CONVERSION = YES;
				CLANG_WARN_OBJC_ROOT_CLASS = YES_ERROR;
				CLANG_WARN_SUSPICIOUS_MOVES = YES;
				CLANG_WARN_UNREACHABLE_CODE = YES;
				CLANG_WARN__DUPLICATE_METHOD_MATCH = YES;
				"CODE_SIGN_IDENTITY[sdk=iphoneos*]" = "iPhone Developer";
				COPY_PHASE_STRIP = NO;
				DEBUG_INFORMATION_FORMAT = "dwarf-with-dsym";
				ENABLE_NS_ASSERTIONS = NO;
				ENABLE_STRICT_OBJC_MSGSEND = YES;
				GCC_C_LANGUAGE_STANDARD = gnu99;
				GCC_NO_COMMON_BLOCKS = YES;
				GCC_WARN_64_TO_32_BIT_CONVERSION = YES;
				GCC_WARN_ABOUT_RETURN_TYPE = YES_ERROR;
				GCC_WARN_UNDECLARED_SELECTOR = YES;
				GCC_WARN_UNINITIALIZED_AUTOS = YES_AGGRESSIVE;
				GCC_WARN_UNUSED_FUNCTION = YES;
				GCC_WARN_UNUSED_VARIABLE = YES;
				IPHONEOS_DEPLOYMENT_TARGET = 10.0;
				MTL_ENABLE_DEBUG_INFO = NO;
				SDKROOT = iphoneos;
				SWIFT_OPTIMIZATION_LEVEL = "-Owholemodule";
				VALIDATE_PRODUCT = YES;
			};
			name = Release;
		};
		D41FB7481D9F765000B64393 /* Debug */ = {
			isa = XCBuildConfiguration;
			buildSettings = {
				ASSETCATALOG_COMPILER_APPICON_NAME = AppIcon;
				DEVELOPMENT_TEAM = 85BT6CKDJV;
				INFOPLIST_FILE = "Sports News/Info.plist";
				LD_RUNPATH_SEARCH_PATHS = "$(inherited) @executable_path/Frameworks";
				PRODUCT_BUNDLE_IDENTIFIER = "ddd.Sports-News";
				PRODUCT_NAME = "$(TARGET_NAME)";
				SWIFT_VERSION = 3.0;
			};
			name = Debug;
		};
		D41FB7491D9F765000B64393 /* Release */ = {
			isa = XCBuildConfiguration;
			buildSettings = {
				ASSETCATALOG_COMPILER_APPICON_NAME = AppIcon;
				DEVELOPMENT_TEAM = 85BT6CKDJV;
				INFOPLIST_FILE = "Sports News/Info.plist";
				LD_RUNPATH_SEARCH_PATHS = "$(inherited) @executable_path/Frameworks";
				PRODUCT_BUNDLE_IDENTIFIER = "ddd.Sports-News";
				PRODUCT_NAME = "$(TARGET_NAME)";
				SWIFT_VERSION = 3.0;
			};
			name = Release;
		};
/* End XCBuildConfiguration section */

/* Begin XCConfigurationList section */
		D41FB7301D9F765000B64393 /* Build configuration list for PBXProject "News" */ = {
			isa = XCConfigurationList;
			buildConfigurations = (
				D41FB7451D9F765000B64393 /* Debug */,
				D41FB7461D9F765000B64393 /* Release */,
			);
			defaultConfigurationIsVisible = 0;
			defaultConfigurationName = Release;
		};
		D41FB7471D9F765000B64393 /* Build configuration list for PBXNativeTarget "Sports News" */ = {
			isa = XCConfigurationList;
			buildConfigurations = (
				D41FB7481D9F765000B64393 /* Debug */,
				D41FB7491D9F765000B64393 /* Release */,
			);
			defaultConfigurationIsVisible = 0;
			defaultConfigurationName = Release;
		};
/* End XCConfigurationList section */
	};
	rootObject = D41FB72D1D9F765000B64393 /* Project object */;
}
